
Microsoft Visual Studio Solution File, Format Version 11.00
# Visual Studio 2010
Project("{FAE04EC0-301F-11D3-BF4B-00C04F79EFBC}") = "CTBJ.WorldClock.Test", "CTBJ.WorldClock.Test\CTBJ.WorldClock.Test.csproj", "{107D8E56-BB13-46E3-92C2-DAE69DFB3CB4}"
EndProject
Project("{2150E333-8FDC-42A3-9474-1A3956D46DE8}") = "Solution Items", "Solution Items", "{9814BE5A-1FC2-4645-A7D6-F05CC8F7E60D}"
	ProjectSection(SolutionItems) = preProject
		Local.testsettings = Local.testsettings
		TraceAndTestImpact.testsettings = TraceAndTestImpact.testsettings
		WorldClock.vsmdi = WorldClock.vsmdi
	EndProjectSection
EndProject
Project("{FAE04EC0-301F-11D3-BF4B-00C04F79EFBC}") = "CTBJ.WorldClock.Business", "CTBJ.WorldClock.Business\CTBJ.WorldClock.Business.csproj", "{ACA82030-915E-4346-BDA8-A540EB4A44BE}"
EndProject
Project("{FAE04EC0-301F-11D3-BF4B-00C04F79EFBC}") = "CTBJ.WorldClock.UI", "CTBJ.WorldClock.UI\CTBJ.WorldClock.UI.csproj", "{06B80539-F1E6-4D3B-BA16-1FCE7B57CB88}"
EndProject
Global
	GlobalSection(TestCaseManagementSettings) = postSolution
		CategoryFile = WorldClock.vsmdi
	EndGlobalSection
	GlobalSection(SolutionConfigurationPlatforms) = preSolution
		Debug|Any CPU = Debug|Any CPU
		Debug|Mixed Platforms = Debug|Mixed Platforms
		Debug|x86 = Debug|x86
		Release|Any CPU = Release|Any CPU
		Release|Mixed Platforms = Release|Mixed Platforms
		Release|x86 = Release|x86
	EndGlobalSection
	GlobalSection(ProjectConfigurationPlatforms) = postSolution
		{107D8E56-BB13-46E3-92C2-DAE69DFB3CB4}.Debug|Any CPU.ActiveCfg = Debug|Any CPU
		{107D8E56-BB13-46E3-92C2-DAE69DFB3CB4}.Debug|Any CPU.Build.0 = Debug|Any CPU
		{107D8E56-BB13-46E3-92C2-DAE69DFB3CB4}.Debug|Mixed Platforms.ActiveCfg = Debug|Any CPU
		{107D8E56-BB13-46E3-92C2-DAE69DFB3CB4}.Debug|Mixed Platforms.Build.0 = Debug|Any CPU
		{107D8E56-BB13-46E3-92C2-DAE69DFB3CB4}.Debug|x86.ActiveCfg = Debug|Any CPU
		{107D8E56-BB13-46E3-92C2-DAE69DFB3CB4}.Release|Any CPU.ActiveCfg = Release|Any CPU
		{107D8E56-BB13-46E3-92C2-DAE69DFB3CB4}.Release|Any CPU.Build.0 = Release|Any CPU
		{107D8E56-BB13-46E3-92C2-DAE69DFB3CB4}.Release|Mixed Platforms.ActiveCfg = Release|Any CPU
		{107D8E56-BB13-46E3-92C2-DAE69DFB3CB4}.Release|Mixed Platforms.Build.0 = Release|Any CPU
		{107D8E56-BB13-46E3-92C2-DAE69DFB3CB4}.Release|x86.ActiveCfg = Release|Any CPU
		{ACA82030-915E-4346-BDA8-A540EB4A44BE}.Debug|Any CPU.ActiveCfg = Debug|Any CPU
		{ACA82030-915E-4346-BDA8-A540EB4A44BE}.Debug|Any CPU.Build.0 = Debug|Any CPU
		{ACA82030-915E-4346-BDA8-A540EB4A44BE}.Debug|Mixed Platforms.ActiveCfg = Debug|Any CPU
		{ACA82030-915E-4346-BDA8-A540EB4A44BE}.Debug|Mixed Platforms.Build.0 = Debug|Any CPU
		{ACA82030-915E-4346-BDA8-A540EB4A44BE}.Debug|x86.ActiveCfg = Debug|Any CPU
		{ACA82030-915E-4346-BDA8-A540EB4A44BE}.Release|Any CPU.ActiveCfg = Release|Any CPU
		{ACA82030-915E-4346-BDA8-A540EB4A44BE}.Release|Any CPU.Build.0 = Release|Any CPU
		{ACA82030-915E-4346-BDA8-A540EB4A44BE}.Release|Mixed Platforms.ActiveCfg = Release|Any CPU
		{ACA82030-915E-4346-BDA8-A540EB4A44BE}.Release|Mixed Platforms.Build.0 = Release|Any CPU
		{ACA82030-915E-4346-BDA8-A540EB4A44BE}.Release|x86.ActiveCfg = Release|Any CPU
		{06B80539-F1E6-4D3B-BA16-1FCE7B57CB88}.Debug|Any CPU.ActiveCfg = Debug|x86
		{06B80539-F1E6-4D3B-BA16-1FCE7B57CB88}.Debug|Mixed Platforms.ActiveCfg = Debug|x86
		{06B80539-F1E6-4D3B-BA16-1FCE7B57CB88}.Debug|Mixed Platforms.Build.0 = Debug|x86
		{06B80539-F1E6-4D3B-BA16-1FCE7B57CB88}.Debug|x86.ActiveCfg = Debug|x86
		{06B80539-F1E6-4D3B-BA16-1FCE7B57CB88}.Debug|x86.Build.0 = Debug|x86
		{06B80539-F1E6-4D3B-BA16-1FCE7B57CB88}.Release|Any CPU.ActiveCfg = Release|x86
		{06B80539-F1E6-4D3B-BA16-1FCE7B57CB88}.Release|Mixed Platforms.ActiveCfg = Release|x86
		{06B80539-F1E6-4D3B-BA16-1FCE7B57CB88}.Release|Mixed Platforms.Build.0 = Release|x86
		{06B80539-F1E6-4D3B-BA16-1FCE7B57CB88}.Release|x86.ActiveCfg = Release|x86
		{06B80539-F1E6-4D3B-BA16-1FCE7B57CB88}.Release|x86.Build.0 = Release|x86
	EndGlobalSection
	GlobalSection(SolutionProperties) = preSolution
		HideSolutionNode = FALSE
	EndGlobalSection
EndGlobal
